
Microsoft Visual Studio Solution File, Format Version 12.00
# Visual Studio 15
Project("{FAE04EC0-301F-11D3-BF4B-00C04F79EFBC}") = "MainAcademy", "MainAcademy\MainAcademy.csproj", "{32788748-CA54-4915-8F2D-7190734F2FC4}"
EndProject
Global
	GlobalSection(SolutionConfigurationPlatforms) = preSolution
		Debug|Any CPU = Debug|Any CPU
		Release|Any CPU = Release|Any CPU
	EndGlobalSection
	GlobalSection(ProjectConfigurationPlatforms) = postSolution
		{32788748-CA54-4915-8F2D-7190734F2FC4}.Debug|Any CPU.ActiveCfg = Debug|Any CPU
		{32788748-CA54-4915-8F2D-7190734F2FC4}.Debug|Any CPU.Build.0 = Debug|Any CPU
		{32788748-CA54-4915-8F2D-7190734F2FC4}.Release|Any CPU.ActiveCfg = Release|Any CPU
		{32788748-CA54-4915-8F2D-7190734F2FC4}.Release|Any CPU.Build.0 = Release|Any CPU
	EndGlobalSection
EndGlobal
