
Microsoft Visual Studio Solution File, Format Version 12.00
# Visual Studio 15
Project("{FAE04EC0-301F-11D3-BF4B-00C04F79EFBC}") = "Lesson3HW", "Lesson3HW\Lesson3HW.csproj", "{0078DF0B-3684-46CE-9B42-C0D2FAB2C588}"
EndProject
Global
	GlobalSection(SolutionConfigurationPlatforms) = preSolution
		Debug|anycpu = Debug|anycpu
		Release|anycpu = Release|anycpu
	EndGlobalSection
	GlobalSection(ProjectConfigurationPlatforms) = postSolution
		{0078DF0B-3684-46CE-9B42-C0D2FAB2C588}.Debug|anycpu.ActiveCfg = Debug|anycpu
		{0078DF0B-3684-46CE-9B42-C0D2FAB2C588}.Debug|anycpu.Build.0 = Debug|anycpu
		{0078DF0B-3684-46CE-9B42-C0D2FAB2C588}.Release|anycpu.ActiveCfg = Release|anycpu
		{0078DF0B-3684-46CE-9B42-C0D2FAB2C588}.Release|anycpu.Build.0 = Release|anycpu
	EndGlobalSection
EndGlobal
